// !$*UTF8*$!
{
	archiveVersion = 1;
	classes = {
	};
	objectVersion = 48;
	objects = {

/* Begin PBXBuildFile section */
		6E67563F201B9BFF008D8586 /* AppDelegate.swift in Sources */ = {isa = PBXBuildFile; fileRef = 6E67563E201B9BFF008D8586 /* AppDelegate.swift */; };
		6E675641201B9BFF008D8586 /* ViewController.swift in Sources */ = {isa = PBXBuildFile; fileRef = 6E675640201B9BFF008D8586 /* ViewController.swift */; };
		6E675644201B9C00008D8586 /* Main.storyboard in Resources */ = {isa = PBXBuildFile; fileRef = 6E675642201B9C00008D8586 /* Main.storyboard */; };
		6E675646201B9C00008D8586 /* Assets.xcassets in Resources */ = {isa = PBXBuildFile; fileRef = 6E675645201B9C00008D8586 /* Assets.xcassets */; };
		6E675649201B9C00008D8586 /* LaunchScreen.storyboard in Resources */ = {isa = PBXBuildFile; fileRef = 6E675647201B9C00008D8586 /* LaunchScreen.storyboard */; };
		6E675654201B9C00008D8586 /* CalTipTests.swift in Sources */ = {isa = PBXBuildFile; fileRef = 6E675653201B9C00008D8586 /* CalTipTests.swift */; };
		6E67565F201B9C00008D8586 /* CalTipUITests.swift in Sources */ = {isa = PBXBuildFile; fileRef = 6E67565E201B9C00008D8586 /* CalTipUITests.swift */; };
/* End PBXBuildFile section */

/* Begin PBXContainerItemProxy section */
		6E675650201B9C00008D8586 /* PBXContainerItemProxy */ = {
			isa = PBXContainerItemProxy;
			containerPortal = 6E675633201B9BFF008D8586 /* Project object */;
			proxyType = 1;
			remoteGlobalIDString = 6E67563A201B9BFF008D8586;
			remoteInfo = CalTip;
		};
		6E67565B201B9C00008D8586 /* PBXContainerItemProxy */ = {
			isa = PBXContainerItemProxy;
			containerPortal = 6E675633201B9BFF008D8586 /* Project object */;
			proxyType = 1;
			remoteGlobalIDString = 6E67563A201B9BFF008D8586;
			remoteInfo = CalTip;
		};
/* End PBXContainerItemProxy section */

/* Begin PBXFileReference section */
		6E67563B201B9BFF008D8586 /* CalTip.app */ = {isa = PBXFileReference; explicitFileType = wrapper.application; includeInIndex = 0; path = CalTip.app; sourceTree = BUILT_PRODUCTS_DIR; };
		6E67563E201B9BFF008D8586 /* AppDelegate.swift */ = {isa = PBXFileReference; lastKnownFileType = sourcecode.swift; path = AppDelegate.swift; sourceTree = "<group>"; };
		6E675640201B9BFF008D8586 /* ViewController.swift */ = {isa = PBXFileReference; lastKnownFileType = sourcecode.swift; path = ViewController.swift; sourceTree = "<group>"; };
		6E675643201B9C00008D8586 /* Base */ = {isa = PBXFileReference; lastKnownFileType = file.storyboard; name = Base; path = Base.lproj/Main.storyboard; sourceTree = "<group>"; };
		6E675645201B9C00008D8586 /* Assets.xcassets */ = {isa = PBXFileReference; lastKnownFileType = folder.assetcatalog; path = Assets.xcassets; sourceTree = "<group>"; };
		6E675648201B9C00008D8586 /* Base */ = {isa = PBXFileReference; lastKnownFileType = file.storyboard; name = Base; path = Base.lproj/LaunchScreen.storyboard; sourceTree = "<group>"; };
		6E67564A201B9C00008D8586 /* Info.plist */ = {isa = PBXFileReference; lastKnownFileType = text.plist.xml; path = Info.plist; sourceTree = "<group>"; };
		6E67564F201B9C00008D8586 /* CalTipTests.xctest */ = {isa = PBXFileReference; explicitFileType = wrapper.cfbundle; includeInIndex = 0; path = CalTipTests.xctest; sourceTree = BUILT_PRODUCTS_DIR; };
		6E675653201B9C00008D8586 /* CalTipTests.swift */ = {isa = PBXFileReference; lastKnownFileType = sourcecode.swift; path = CalTipTests.swift; sourceTree = "<group>"; };
		6E675655201B9C00008D8586 /* Info.plist */ = {isa = PBXFileReference; lastKnownFileType = text.plist.xml; path = Info.plist; sourceTree = "<group>"; };
		6E67565A201B9C00008D8586 /* CalTipUITests.xctest */ = {isa = PBXFileReference; explicitFileType = wrapper.cfbundle; includeInIndex = 0; path = CalTipUITests.xctest; sourceTree = BUILT_PRODUCTS_DIR; };
		6E67565E201B9C00008D8586 /* CalTipUITests.swift */ = {isa = PBXFileReference; lastKnownFileType = sourcecode.swift; path = CalTipUITests.swift; sourceTree = "<group>"; };
		6E675660201B9C00008D8586 /* Info.plist */ = {isa = PBXFileReference; lastKnownFileType = text.plist.xml; path = Info.plist; sourceTree = "<group>"; };
/* End PBXFileReference section */

/* Begin PBXFrameworksBuildPhase section */
		6E675638201B9BFF008D8586 /* Frameworks */ = {
			isa = PBXFrameworksBuildPhase;
			buildActionMask = 2147483647;
			files = (
			);
			runOnlyForDeploymentPostprocessing = 0;
		};
		6E67564C201B9C00008D8586 /* Frameworks */ = {
			isa = PBXFrameworksBuildPhase;
			buildActionMask = 2147483647;
			files = (
			);
			runOnlyForDeploymentPostprocessing = 0;
		};
		6E675657201B9C00008D8586 /* Frameworks */ = {
			isa = PBXFrameworksBuildPhase;
			buildActionMask = 2147483647;
			files = (
			);
			runOnlyForDeploymentPostprocessing = 0;
		};
/* End PBXFrameworksBuildPhase section */

/* Begin PBXGroup section */
		6E675632201B9BFF008D8586 = {
			isa = PBXGroup;
			children = (
				6E67563D201B9BFF008D8586 /* CalTip */,
				6E675652201B9C00008D8586 /* CalTipTests */,
				6E67565D201B9C00008D8586 /* CalTipUITests */,
				6E67563C201B9BFF008D8586 /* Products */,
			);
			sourceTree = "<group>";
		};
		6E67563C201B9BFF008D8586 /* Products */ = {
			isa = PBXGroup;
			children = (
				6E67563B201B9BFF008D8586 /* CalTip.app */,
				6E67564F201B9C00008D8586 /* CalTipTests.xctest */,
				6E67565A201B9C00008D8586 /* CalTipUITests.xctest */,
			);
			name = Products;
			sourceTree = "<group>";
		};
		6E67563D201B9BFF008D8586 /* CalTip */ = {
			isa = PBXGroup;
			children = (
				6E67563E201B9BFF008D8586 /* AppDelegate.swift */,
				6E675640201B9BFF008D8586 /* ViewController.swift */,
				6E675642201B9C00008D8586 /* Main.storyboard */,
				6E675645201B9C00008D8586 /* Assets.xcassets */,
				6E675647201B9C00008D8586 /* LaunchScreen.storyboard */,
				6E67564A201B9C00008D8586 /* Info.plist */,
			);
			path = CalTip;
			sourceTree = "<group>";
		};
		6E675652201B9C00008D8586 /* CalTipTests */ = {
			isa = PBXGroup;
			children = (
				6E675653201B9C00008D8586 /* CalTipTests.swift */,
				6E675655201B9C00008D8586 /* Info.plist */,
			);
			path = CalTipTests;
			sourceTree = "<group>";
		};
		6E67565D201B9C00008D8586 /* CalTipUITests */ = {
			isa = PBXGroup;
			children = (
				6E67565E201B9C00008D8586 /* CalTipUITests.swift */,
				6E675660201B9C00008D8586 /* Info.plist */,
			);
			path = CalTipUITests;
			sourceTree = "<group>";
		};
/* End PBXGroup section */

/* Begin PBXNativeTarget section */
		6E67563A201B9BFF008D8586 /* CalTip */ = {
			isa = PBXNativeTarget;
			buildConfigurationList = 6E675663201B9C00008D8586 /* Build configuration list for PBXNativeTarget "CalTip" */;
			buildPhases = (
				6E675637201B9BFF008D8586 /* Sources */,
				6E675638201B9BFF008D8586 /* Frameworks */,
				6E675639201B9BFF008D8586 /* Resources */,
			);
			buildRules = (
			);
			dependencies = (
			);
			name = CalTip;
			productName = CalTip;
			productReference = 6E67563B201B9BFF008D8586 /* CalTip.app */;
			productType = "com.apple.product-type.application";
		};
		6E67564E201B9C00008D8586 /* CalTipTests */ = {
			isa = PBXNativeTarget;
			buildConfigurationList = 6E675666201B9C00008D8586 /* Build configuration list for PBXNativeTarget "CalTipTests" */;
			buildPhases = (
				6E67564B201B9C00008D8586 /* Sources */,
				6E67564C201B9C00008D8586 /* Frameworks */,
				6E67564D201B9C00008D8586 /* Resources */,
			);
			buildRules = (
			);
			dependencies = (
				6E675651201B9C00008D8586 /* PBXTargetDependency */,
			);
			name = CalTipTests;
			productName = CalTipTests;
			productReference = 6E67564F201B9C00008D8586 /* CalTipTests.xctest */;
			productType = "com.apple.product-type.bundle.unit-test";
		};
		6E675659201B9C00008D8586 /* CalTipUITests */ = {
			isa = PBXNativeTarget;
			buildConfigurationList = 6E675669201B9C00008D8586 /* Build configuration list for PBXNativeTarget "CalTipUITests" */;
			buildPhases = (
				6E675656201B9C00008D8586 /* Sources */,
				6E675657201B9C00008D8586 /* Frameworks */,
				6E675658201B9C00008D8586 /* Resources */,
			);
			buildRules = (
			);
			dependencies = (
				6E67565C201B9C00008D8586 /* PBXTargetDependency */,
			);
			name = CalTipUITests;
			productName = CalTipUITests;
			productReference = 6E67565A201B9C00008D8586 /* CalTipUITests.xctest */;
			productType = "com.apple.product-type.bundle.ui-testing";
		};
/* End PBXNativeTarget section */

/* Begin PBXProject section */
		6E675633201B9BFF008D8586 /* Project object */ = {
			isa = PBXProject;
			attributes = {
				LastSwiftUpdateCheck = 0920;
				LastUpgradeCheck = 0920;
				ORGANIZATIONNAME = Elizabeth;
				TargetAttributes = {
					6E67563A201B9BFF008D8586 = {
						CreatedOnToolsVersion = 9.2;
						ProvisioningStyle = Automatic;
					};
					6E67564E201B9C00008D8586 = {
						CreatedOnToolsVersion = 9.2;
						ProvisioningStyle = Automatic;
						TestTargetID = 6E67563A201B9BFF008D8586;
					};
					6E675659201B9C00008D8586 = {
						CreatedOnToolsVersion = 9.2;
						ProvisioningStyle = Automatic;
						TestTargetID = 6E67563A201B9BFF008D8586;
					};
				};
			};
			buildConfigurationList = 6E675636201B9BFF008D8586 /* Build configuration list for PBXProject "CalTip" */;
			compatibilityVersion = "Xcode 8.0";
			developmentRegion = en;
			hasScannedForEncodings = 0;
			knownRegions = (
				en,
				Base,
			);
			mainGroup = 6E675632201B9BFF008D8586;
			productRefGroup = 6E67563C201B9BFF008D8586 /* Products */;
			projectDirPath = "";
			projectRoot = "";
			targets = (
				6E67563A201B9BFF008D8586 /* CalTip */,
				6E67564E201B9C00008D8586 /* CalTipTests */,
				6E675659201B9C00008D8586 /* CalTipUITests */,
			);
		};
/* End PBXProject section */

/* Begin PBXResourcesBuildPhase section */
		6E675639201B9BFF008D8586 /* Resources */ = {
			isa = PBXResourcesBuildPhase;
			buildActionMask = 2147483647;
			files = (
				6E675649201B9C00008D8586 /* LaunchScreen.storyboard in Resources */,
				6E675646201B9C00008D8586 /* Assets.xcassets in Resources */,
				6E675644201B9C00008D8586 /* Main.storyboard in Resources */,
			);
			runOnlyForDeploymentPostprocessing = 0;
		};
		6E67564D201B9C00008D8586 /* Resources */ = {
			isa = PBXResourcesBuildPhase;
			buildActionMask = 2147483647;
			files = (
			);
			runOnlyForDeploymentPostprocessing = 0;
		};
		6E675658201B9C00008D8586 /* Resources */ = {
			isa = PBXResourcesBuildPhase;
			buildActionMask = 2147483647;
			files = (
			);
			runOnlyForDeploymentPostprocessing = 0;
		};
/* End PBXResourcesBuildPhase section */

/* Begin PBXSourcesBuildPhase section */
		6E675637201B9BFF008D8586 /* Sources */ = {
			isa = PBXSourcesBuildPhase;
			buildActionMask = 2147483647;
			files = (
				6E675641201B9BFF008D8586 /* ViewController.swift in Sources */,
				6E67563F201B9BFF008D8586 /* AppDelegate.swift in Sources */,
			);
			runOnlyForDeploymentPostprocessing = 0;
		};
		6E67564B201B9C00008D8586 /* Sources */ = {
			isa = PBXSourcesBuildPhase;
			buildActionMask = 2147483647;
			files = (
				6E675654201B9C00008D8586 /* CalTipTests.swift in Sources */,
			);
			runOnlyForDeploymentPostprocessing = 0;
		};
		6E675656201B9C00008D8586 /* Sources */ = {
			isa = PBXSourcesBuildPhase;
			buildActionMask = 2147483647;
			files = (
				6E67565F201B9C00008D8586 /* CalTipUITests.swift in Sources */,
			);
			runOnlyForDeploymentPostprocessing = 0;
		};
/* End PBXSourcesBuildPhase section */

/* Begin PBXTargetDependency section */
		6E675651201B9C00008D8586 /* PBXTargetDependency */ = {
			isa = PBXTargetDependency;
			target = 6E67563A201B9BFF008D8586 /* CalTip */;
			targetProxy = 6E675650201B9C00008D8586 /* PBXContainerItemProxy */;
		};
		6E67565C201B9C00008D8586 /* PBXTargetDependency */ = {
			isa = PBXTargetDependency;
			target = 6E67563A201B9BFF008D8586 /* CalTip */;
			targetProxy = 6E67565B201B9C00008D8586 /* PBXContainerItemProxy */;
		};
/* End PBXTargetDependency section */

/* Begin PBXVariantGroup section */
		6E675642201B9C00008D8586 /* Main.storyboard */ = {
			isa = PBXVariantGroup;
			children = (
				6E675643201B9C00008D8586 /* Base */,
			);
			name = Main.storyboard;
			sourceTree = "<group>";
		};
		6E675647201B9C00008D8586 /* LaunchScreen.storyboard */ = {
			isa = PBXVariantGroup;
			children = (
				6E675648201B9C00008D8586 /* Base */,
			);
			name = LaunchScreen.storyboard;
			sourceTree = "<group>";
		};
/* End PBXVariantGroup section */

/* Begin XCBuildConfiguration section */
		6E675661201B9C00008D8586 /* Debug */ = {
			isa = XCBuildConfiguration;
			buildSettings = {
				ALWAYS_SEARCH_USER_PATHS = NO;
				CLANG_ANALYZER_NONNULL = YES;
				CLANG_ANALYZER_NUMBER_OBJECT_CONVERSION = YES_AGGRESSIVE;
				CLANG_CXX_LANGUAGE_STANDARD = "gnu++14";
				CLANG_CXX_LIBRARY = "libc++";
				CLANG_ENABLE_MODULES = YES;
				CLANG_ENABLE_OBJC_ARC = YES;
				CLANG_WARN_BLOCK_CAPTURE_AUTORELEASING = YES;
				CLANG_WARN_BOOL_CONVERSION = YES;
				CLANG_WARN_COMMA = YES;
				CLANG_WARN_CONSTANT_CONVERSION = YES;
				CLANG_WARN_DIRECT_OBJC_ISA_USAGE = YES_ERROR;
				CLANG_WARN_DOCUMENTATION_COMMENTS = YES;
				CLANG_WARN_EMPTY_BODY = YES;
				CLANG_WARN_ENUM_CONVERSION = YES;
				CLANG_WARN_INFINITE_RECURSION = YES;
				CLANG_WARN_INT_CONVERSION = YES;
				CLANG_WARN_NON_LITERAL_NULL_CONVERSION = YES;
				CLANG_WARN_OBJC_LITERAL_CONVERSION = YES;
				CLANG_WARN_OBJC_ROOT_CLASS = YES_ERROR;
				CLANG_WARN_RANGE_LOOP_ANALYSIS = YES;
				CLANG_WARN_STRICT_PROTOTYPES = YES;
				CLANG_WARN_SUSPICIOUS_MOVE = YES;
				CLANG_WARN_UNGUARDED_AVAILABILITY = YES_AGGRESSIVE;
				CLANG_WARN_UNREACHABLE_CODE = YES;
				CLANG_WARN__DUPLICATE_METHOD_MATCH = YES;
				CODE_SIGN_IDENTITY = "iPhone Developer";
				COPY_PHASE_STRIP = NO;
				DEBUG_INFORMATION_FORMAT = dwarf;
				ENABLE_STRICT_OBJC_MSGSEND = YES;
				ENABLE_TESTABILITY = YES;
				GCC_C_LANGUAGE_STANDARD = gnu11;
				GCC_DYNAMIC_NO_PIC = NO;
				GCC_NO_COMMON_BLOCKS = YES;
				GCC_OPTIMIZATION_LEVEL = 0;
				GCC_PREPROCESSOR_DEFINITIONS = (
					"DEBUG=1",
					"$(inherited)",
				);
				GCC_WARN_64_TO_32_BIT_CONVERSION = YES;
				GCC_WARN_ABOUT_RETURN_TYPE = YES_ERROR;
				GCC_WARN_UNDECLARED_SELECTOR = YES;
				GCC_WARN_UNINITIALIZED_AUTOS = YES_AGGRESSIVE;
				GCC_WARN_UNUSED_FUNCTION = YES;
				GCC_WARN_UNUSED_VARIABLE = YES;
				IPHONEOS_DEPLOYMENT_TARGET = 11.2;
				MTL_ENABLE_DEBUG_INFO = YES;
				ONLY_ACTIVE_ARCH = YES;
				SDKROOT = iphoneos;
				SWIFT_ACTIVE_COMPILATION_CONDITIONS = DEBUG;
				SWIFT_OPTIMIZATION_LEVEL = "-Onone";
			};
			name = Debug;
		};
		6E675662201B9C00008D8586 /* Release */ = {
			isa = XCBuildConfiguration;
			buildSettings = {
				ALWAYS_SEARCH_USER_PATHS = NO;
				CLANG_ANALYZER_NONNULL = YES;
				CLANG_ANALYZER_NUMBER_OBJECT_CONVERSION = YES_AGGRESSIVE;
				CLANG_CXX_LANGUAGE_STANDARD = "gnu++14";
				CLANG_CXX_LIBRARY = "libc++";
				CLANG_ENABLE_MODULES = YES;
				CLANG_ENABLE_OBJC_ARC = YES;
				CLANG_WARN_BLOCK_CAPTURE_AUTORELEASING = YES;
				CLANG_WARN_BOOL_CONVERSION = YES;
				CLANG_WARN_COMMA = YES;
				CLANG_WARN_CONSTANT_CONVERSION = YES;
				CLANG_WARN_DIRECT_OBJC_ISA_USAGE = YES_ERROR;
				CLANG_WARN_DOCUMENTATION_COMMENTS = YES;
				CLANG_WARN_EMPTY_BODY = YES;
				CLANG_WARN_ENUM_CONVERSION = YES;
				CLANG_WARN_INFINITE_RECURSION = YES;
				CLANG_WARN_INT_CONVERSION = YES;
				CLANG_WARN_NON_LITERAL_NULL_CONVERSION = YES;
				CLANG_WARN_OBJC_LITERAL_CONVERSION = YES;
				CLANG_WARN_OBJC_ROOT_CLASS = YES_ERROR;
				CLANG_WARN_RANGE_LOOP_ANALYSIS = YES;
				CLANG_WARN_STRICT_PROTOTYPES = YES;
				CLANG_WARN_SUSPICIOUS_MOVE = YES;
				CLANG_WARN_UNGUARDED_AVAILABILITY = YES_AGGRESSIVE;
				CLANG_WARN_UNREACHABLE_CODE = YES;
				CLANG_WARN__DUPLICATE_METHOD_MATCH = YES;
				CODE_SIGN_IDENTITY = "iPhone Developer";
				COPY_PHASE_STRIP = NO;
				DEBUG_INFORMATION_FORMAT = "dwarf-with-dsym";
				ENABLE_NS_ASSERTIONS = NO;
				ENABLE_STRICT_OBJC_MSGSEND = YES;
				GCC_C_LANGUAGE_STANDARD = gnu11;
				GCC_NO_COMMON_BLOCKS = YES;
				GCC_WARN_64_TO_32_BIT_CONVERSION = YES;
				GCC_WARN_ABOUT_RETURN_TYPE = YES_ERROR;
				GCC_WARN_UNDECLARED_SELECTOR = YES;
				GCC_WARN_UNINITIALIZED_AUTOS = YES_AGGRESSIVE;
				GCC_WARN_UNUSED_FUNCTION = YES;
				GCC_WARN_UNUSED_VARIABLE = YES;
				IPHONEOS_DEPLOYMENT_TARGET = 11.2;
				MTL_ENABLE_DEBUG_INFO = NO;
				SDKROOT = iphoneos;
				SWIFT_OPTIMIZATION_LEVEL = "-Owholemodule";
				VALIDATE_PRODUCT = YES;
			};
			name = Release;
		};
		6E675664201B9C00008D8586 /* Debug */ = {
			isa = XCBuildConfiguration;
			buildSettings = {
				ASSETCATALOG_COMPILER_APPICON_NAME = AppIcon;
				CODE_SIGN_STYLE = Automatic;
				INFOPLIST_FILE = CalTip/Info.plist;
				LD_RUNPATH_SEARCH_PATHS = "$(inherited) @executable_path/Frameworks";
				PRODUCT_BUNDLE_IDENTIFIER = com.elizabethTipCal.CalTip;
				PRODUCT_NAME = "$(TARGET_NAME)";
				SWIFT_VERSION = 4.0;
				TARGETED_DEVICE_FAMILY = 1;
			};
			name = Debug;
		};
		6E675665201B9C00008D8586 /* Release */ = {
			isa = XCBuildConfiguration;
			buildSettings = {
				ASSETCATALOG_COMPILER_APPICON_NAME = AppIcon;
				CODE_SIGN_STYLE = Automatic;
				INFOPLIST_FILE = CalTip/Info.plist;
				LD_RUNPATH_SEARCH_PATHS = "$(inherited) @executable_path/Frameworks";
				PRODUCT_BUNDLE_IDENTIFIER = com.elizabethTipCal.CalTip;
				PRODUCT_NAME = "$(TARGET_NAME)";
				SWIFT_VERSION = 4.0;
				TARGETED_DEVICE_FAMILY = 1;
			};
			name = Release;
		};
		6E675667201B9C00008D8586 /* Debug */ = {
			isa = XCBuildConfiguration;
			buildSettings = {
				ALWAYS_EMBED_SWIFT_STANDARD_LIBRARIES = YES;
				BUNDLE_LOADER = "$(TEST_HOST)";
				CODE_SIGN_STYLE = Automatic;
				INFOPLIST_FILE = CalTipTests/Info.plist;
				LD_RUNPATH_SEARCH_PATHS = "$(inherited) @executable_path/Frameworks @loader_path/Frameworks";
				PRODUCT_BUNDLE_IDENTIFIER = com.elizabethTipCal.CalTipTests;
				PRODUCT_NAME = "$(TARGET_NAME)";
				SWIFT_VERSION = 4.0;
				TARGETED_DEVICE_FAMILY = "1,2";
				TEST_HOST = "$(BUILT_PRODUCTS_DIR)/CalTip.app/CalTip";
			};
			name = Debug;
		};
		6E675668201B9C00008D8586 /* Release */ = {
			isa = XCBuildConfiguration;
			buildSettings = {
				ALWAYS_EMBED_SWIFT_STANDARD_LIBRARIES = YES;
				BUNDLE_LOADER = "$(TEST_HOST)";
				CODE_SIGN_STYLE = Automatic;
				INFOPLIST_FILE = CalTipTests/Info.plist;
				LD_RUNPATH_SEARCH_PATHS = "$(inherited) @executable_path/Frameworks @loader_path/Frameworks";
				PRODUCT_BUNDLE_IDENTIFIER = com.elizabethTipCal.CalTipTests;
				PRODUCT_NAME = "$(TARGET_NAME)";
				SWIFT_VERSION = 4.0;
				TARGETED_DEVICE_FAMILY = "1,2";
				TEST_HOST = "$(BUILT_PRODUCTS_DIR)/CalTip.app/CalTip";
			};
			name = Release;
		};
		6E67566A201B9C00008D8586 /* Debug */ = {
			isa = XCBuildConfiguration;
			buildSettings = {
				ALWAYS_EMBED_SWIFT_STANDARD_LIBRARIES = YES;
				CODE_SIGN_STYLE = Automatic;
				INFOPLIST_FILE = CalTipUITests/Info.plist;
				LD_RUNPATH_SEARCH_PATHS = "$(inherited) @executable_path/Frameworks @loader_path/Frameworks";
				PRODUCT_BUNDLE_IDENTIFIER = com.elizabethTipCal.CalTipUITests;
				PRODUCT_NAME = "$(TARGET_NAME)";
				SWIFT_VERSION = 4.0;
				TARGETED_DEVICE_FAMILY = "1,2";
				TEST_TARGET_NAME = CalTip;
			};
			name = Debug;
		};
		6E67566B201B9C00008D8586 /* Release */ = {
			isa = XCBuildConfiguration;
			buildSettings = {
				ALWAYS_EMBED_SWIFT_STANDARD_LIBRARIES = YES;
				CODE_SIGN_STYLE = Automatic;
				INFOPLIST_FILE = CalTipUITests/Info.plist;
				LD_RUNPATH_SEARCH_PATHS = "$(inherited) @executable_path/Frameworks @loader_path/Frameworks";
				PRODUCT_BUNDLE_IDENTIFIER = com.elizabethTipCal.CalTipUITests;
				PRODUCT_NAME = "$(TARGET_NAME)";
				SWIFT_VERSION = 4.0;
				TARGETED_DEVICE_FAMILY = "1,2";
				TEST_TARGET_NAME = CalTip;
			};
			name = Release;
		};
/* End XCBuildConfiguration section */

/* Begin XCConfigurationList section */
		6E675636201B9BFF008D8586 /* Build configuration list for PBXProject "CalTip" */ = {
			isa = XCConfigurationList;
			buildConfigurations = (
				6E675661201B9C00008D8586 /* Debug */,
				6E675662201B9C00008D8586 /* Release */,
			);
			defaultConfigurationIsVisible = 0;
			defaultConfigurationName = Release;
		};
		6E675663201B9C00008D8586 /* Build configuration list for PBXNativeTarget "CalTip" */ = {
			isa = XCConfigurationList;
			buildConfigurations = (
				6E675664201B9C00008D8586 /* Debug */,
				6E675665201B9C00008D8586 /* Release */,
			);
			defaultConfigurationIsVisible = 0;
			defaultConfigurationName = Release;
		};
		6E675666201B9C00008D8586 /* Build configuration list for PBXNativeTarget "CalTipTests" */ = {
			isa = XCConfigurationList;
			buildConfigurations = (
				6E675667201B9C00008D8586 /* Debug */,
				6E675668201B9C00008D8586 /* Release */,
			);
			defaultConfigurationIsVisible = 0;
			defaultConfigurationName = Release;
		};
		6E675669201B9C00008D8586 /* Build configuration list for PBXNativeTarget "CalTipUITests" */ = {
			isa = XCConfigurationList;
			buildConfigurations = (
				6E67566A201B9C00008D8586 /* Debug */,
				6E67566B201B9C00008D8586 /* Release */,
			);
			defaultConfigurationIsVisible = 0;
			defaultConfigurationName = Release;
		};
/* End XCConfigurationList section */
	};
	rootObject = 6E675633201B9BFF008D8586 /* Project object */;
}
